// !$*UTF8*$!
{
	archiveVersion = 1;
	classes = {
	};
	objectVersion = 56;
	objects = {

/* Begin PBXBuildFile section */
		3600F01529CEF05B00B52F8C /* YTVideoMuxer.h in Headers */ = {isa = PBXBuildFile; fileRef = 36E0AA3329BD85780025DB2F /* YTVideoMuxer.h */; };
		3600F01629CEF06000B52F8C /* YTDownloader.h in Headers */ = {isa = PBXBuildFile; fileRef = 366240E929CB2DF800DF4BB9 /* YTDownloader.h */; };
		3600F01729CEF06200B52F8C /* YTFileManager.h in Headers */ = {isa = PBXBuildFile; fileRef = 36E0AB9629BDBF6B0025DB2F /* YTFileManager.h */; };
		3600F01829CEF06500B52F8C /* YTReachability.h in Headers */ = {isa = PBXBuildFile; fileRef = 36E0ABD929BEA2180025DB2F /* YTReachability.h */; settings = {ATTRIBUTES = (Public, ); }; };
		3600F01929CEF06900B52F8C /* YTMediaDownloadView.h in Headers */ = {isa = PBXBuildFile; fileRef = 3686AB0529C1A78000D57CAD /* YTMediaDownloadView.h */; };
		3600F01A29CEF06B00B52F8C /* YTPanel.h in Headers */ = {isa = PBXBuildFile; fileRef = 36E0AA3829BD85950025DB2F /* YTPanel.h */; };
		3600F01B29CEF07200B52F8C /* YTPanelHead.h in Headers */ = {isa = PBXBuildFile; fileRef = 3693718E29BF821E00833591 /* YTPanelHead.h */; };
		3600F01C29CEF07600B52F8C /* YTPanelCell.h in Headers */ = {isa = PBXBuildFile; fileRef = 3693719229BFFCC400833591 /* YTPanelCell.h */; };
		3600F01D29CEF07900B52F8C /* YTPanelTable.h in Headers */ = {isa = PBXBuildFile; fileRef = 3693719629BFFE8100833591 /* YTPanelTable.h */; };
		3600F01E29CEF07C00B52F8C /* YTCornerImageView.h in Headers */ = {isa = PBXBuildFile; fileRef = 3693719B29C016C400833591 /* YTCornerImageView.h */; };
		3600F01F29CEF07F00B52F8C /* UIButton+Block.h in Headers */ = {isa = PBXBuildFile; fileRef = 3686AAFE29C072F300D57CAD /* UIButton+Block.h */; };
		3600F02029CEF08100B52F8C /* YTCoreUtility.h in Headers */ = {isa = PBXBuildFile; fileRef = 366D41C129CEBBBB005A29B0 /* YTCoreUtility.h */; settings = {ATTRIBUTES = (Public, ); }; };
		3600F02129CEF08400B52F8C /* YTCoreUtility+download.h in Headers */ = {isa = PBXBuildFile; fileRef = 366D41BC29CEBBBB005A29B0 /* YTCoreUtility+download.h */; settings = {ATTRIBUTES = (Public, ); }; };
		3600F02229CEF08900B52F8C /* YTCoreUtility+env.h in Headers */ = {isa = PBXBuildFile; fileRef = 366D41BD29CEBBBB005A29B0 /* YTCoreUtility+env.h */; settings = {ATTRIBUTES = (Public, ); }; };
		3600F02329CEF08D00B52F8C /* YTCoreUtility+invoke.h in Headers */ = {isa = PBXBuildFile; fileRef = 366D41BE29CEBBBB005A29B0 /* YTCoreUtility+invoke.h */; settings = {ATTRIBUTES = (Public, ); }; };
		3600F02429CEF08F00B52F8C /* YTCoreUtility+parse.h in Headers */ = {isa = PBXBuildFile; fileRef = 366D41C329CEBBBB005A29B0 /* YTCoreUtility+parse.h */; settings = {ATTRIBUTES = (Public, ); }; };
		3600F02529CEF09300B52F8C /* YTCoreUtility+update.h in Headers */ = {isa = PBXBuildFile; fileRef = 366D41BB29CEBBBB005A29B0 /* YTCoreUtility+update.h */; settings = {ATTRIBUTES = (Public, ); }; };
		3600F02729CEF09900B52F8C /* YYModel.h in Headers */ = {isa = PBXBuildFile; fileRef = 3693717A29BED95200833591 /* YYModel.h */; };
		3600F02829CEF09B00B52F8C /* NSObject+YYModel.h in Headers */ = {isa = PBXBuildFile; fileRef = 3693717D29BED95200833591 /* NSObject+YYModel.h */; };
		3600F02B29CEF0DB00B52F8C /* YTCoreDef.h in Headers */ = {isa = PBXBuildFile; fileRef = 36E0AB9229BD957F0025DB2F /* YTCoreDef.h */; settings = {ATTRIBUTES = (Public, ); }; };
		3600F02E29CEF0E900B52F8C /* YTStatus.h in Headers */ = {isa = PBXBuildFile; fileRef = 36E066C829CDD0F500DB34CE /* YTStatus.h */; settings = {ATTRIBUTES = (Public, ); }; };
		3600F04229CEF49600B52F8C /* ZipArchive.framework in Frameworks */ = {isa = PBXBuildFile; fileRef = 3600F03829CEF47600B52F8C /* ZipArchive.framework */; };
		3600F04329CEF49600B52F8C /* ZipArchive.framework in Embed Frameworks */ = {isa = PBXBuildFile; fileRef = 3600F03829CEF47600B52F8C /* ZipArchive.framework */; settings = {ATTRIBUTES = (CodeSignOnCopy, RemoveHeadersOnCopy, ); }; };
		3600F04429CEF61B00B52F8C /* YTCore.h in Headers */ = {isa = PBXBuildFile; fileRef = 36E0A8C929BD7FBA0025DB2F /* YTCore.h */; settings = {ATTRIBUTES = (Public, ); }; };
		3600F04729CF16A000B52F8C /* AVFoundation.framework in Frameworks */ = {isa = PBXBuildFile; fileRef = 3600F04529CF16A000B52F8C /* AVFoundation.framework */; };
		3600F04829CF16A000B52F8C /* AVKit.framework in Frameworks */ = {isa = PBXBuildFile; fileRef = 3600F04629CF16A000B52F8C /* AVKit.framework */; };
		3600F05529CFE1AB00B52F8C /* VideoToolbox.framework in Frameworks */ = {isa = PBXBuildFile; fileRef = 3600F05429CFE1AB00B52F8C /* VideoToolbox.framework */; };
		36165A4B29D15A380041BFBB /* YTCoreProtocol.h in Headers */ = {isa = PBXBuildFile; fileRef = 36165A4829D15A380041BFBB /* YTCoreProtocol.h */; settings = {ATTRIBUTES = (Public, ); }; };
		36165A4C29D15A380041BFBB /* YTStatusInfo.m in Sources */ = {isa = PBXBuildFile; fileRef = 36165A4929D15A380041BFBB /* YTStatusInfo.m */; };
		36165A4D29D15A380041BFBB /* YTStatusInfo.h in Headers */ = {isa = PBXBuildFile; fileRef = 36165A4A29D15A380041BFBB /* YTStatusInfo.h */; settings = {ATTRIBUTES = (Public, ); }; };
		36165A5A29D1E6190041BFBB /* ErrorTextField.m in Sources */ = {isa = PBXBuildFile; fileRef = 36165A5929D1E6190041BFBB /* ErrorTextField.m */; };
		36165A6329D2758E0041BFBB /* MainViewModel.mm in Sources */ = {isa = PBXBuildFile; fileRef = 36165A6229D2758E0041BFBB /* MainViewModel.mm */; };
		364AC96329C9EFB400461AF8 /* UIButton+BackgroundColor.m in Sources */ = {isa = PBXBuildFile; fileRef = 364AC96229C9EFB400461AF8 /* UIButton+BackgroundColor.m */; };
		366240E329CAF90700DF4BB9 /* XZ.framework in Frameworks */ = {isa = PBXBuildFile; fileRef = 366240DF29CAF90700DF4BB9 /* XZ.framework */; };
		366240E429CAF90700DF4BB9 /* Python.framework in Frameworks */ = {isa = PBXBuildFile; fileRef = 366240E029CAF90700DF4BB9 /* Python.framework */; };
		366240E529CAF90700DF4BB9 /* OpenSSL.framework in Frameworks */ = {isa = PBXBuildFile; fileRef = 366240E129CAF90700DF4BB9 /* OpenSSL.framework */; };
		366240E629CAF90700DF4BB9 /* BZip2.framework in Frameworks */ = {isa = PBXBuildFile; fileRef = 366240E229CAF90700DF4BB9 /* BZip2.framework */; };
		366240EC29CB2DF800DF4BB9 /* YTDownloader.m in Sources */ = {isa = PBXBuildFile; fileRef = 366240EA29CB2DF800DF4BB9 /* YTDownloader.m */; };
		366D41CB29CEBBBB005A29B0 /* YTCoreUtility+env.mm in Sources */ = {isa = PBXBuildFile; fileRef = 366D41BF29CEBBBB005A29B0 /* YTCoreUtility+env.mm */; };
		366D41CC29CEBBBB005A29B0 /* YTCoreUtility.mm in Sources */ = {isa = PBXBuildFile; fileRef = 366D41C029CEBBBB005A29B0 /* YTCoreUtility.mm */; };
		366D41CE29CEBBBB005A29B0 /* YTCoreUtility+invoke.m in Sources */ = {isa = PBXBuildFile; fileRef = 366D41C229CEBBBB005A29B0 /* YTCoreUtility+invoke.m */; };
		366D41D029CEBBBB005A29B0 /* YTCoreUtility+parse.mm in Sources */ = {isa = PBXBuildFile; fileRef = 366D41C429CEBBBB005A29B0 /* YTCoreUtility+parse.mm */; };
		366D41D129CEBBBB005A29B0 /* YTCoreUtility+update.mm in Sources */ = {isa = PBXBuildFile; fileRef = 366D41C529CEBBBB005A29B0 /* YTCoreUtility+update.mm */; };
		366D41D229CEBBBB005A29B0 /* YTCoreUtility+download.m in Sources */ = {isa = PBXBuildFile; fileRef = 366D41C629CEBBBB005A29B0 /* YTCoreUtility+download.m */; };
		366D41D429CED720005A29B0 /* YTReachability.m in Sources */ = {isa = PBXBuildFile; fileRef = 36E0ABDA29BEA2180025DB2F /* YTReachability.m */; };
		3686AB0129C072F300D57CAD /* UIButton+Block.m in Sources */ = {isa = PBXBuildFile; fileRef = 3686AAFF29C072F300D57CAD /* UIButton+Block.m */; };
		3686AB0829C1A78000D57CAD /* YTMediaDownloadView.m in Sources */ = {isa = PBXBuildFile; fileRef = 3686AB0629C1A78000D57CAD /* YTMediaDownloadView.m */; };
		368E77FD29D0599A0031BBF1 /* NavController.m in Sources */ = {isa = PBXBuildFile; fileRef = 368E77FC29D0599A0031BBF1 /* NavController.m */; };
		368E780629D09BDF0031BBF1 /* UIViewController+Alert.m in Sources */ = {isa = PBXBuildFile; fileRef = 368E780529D09BDF0031BBF1 /* UIViewController+Alert.m */; };
		3693718029BED95200833591 /* NSObject+YYModel.m in Sources */ = {isa = PBXBuildFile; fileRef = 3693717B29BED95200833591 /* NSObject+YYModel.m */; };
		3693718129BED95200833591 /* YYClassInfo.m in Sources */ = {isa = PBXBuildFile; fileRef = 3693717C29BED95200833591 /* YYClassInfo.m */; };
		3693718429BF029400833591 /* YTParseInfo.m in Sources */ = {isa = PBXBuildFile; fileRef = 3693718329BF029400833591 /* YTParseInfo.m */; };
		3693719129BF821E00833591 /* YTPanelHead.m in Sources */ = {isa = PBXBuildFile; fileRef = 3693718F29BF821E00833591 /* YTPanelHead.m */; };
		3693719529BFFCC400833591 /* YTPanelCell.m in Sources */ = {isa = PBXBuildFile; fileRef = 3693719329BFFCC400833591 /* YTPanelCell.m */; };
		3693719929BFFE8100833591 /* YTPanelTable.m in Sources */ = {isa = PBXBuildFile; fileRef = 3693719729BFFE8100833591 /* YTPanelTable.m */; };
		3693719E29C016C400833591 /* YTCornerImageView.m in Sources */ = {isa = PBXBuildFile; fileRef = 3693719C29C016C400833591 /* YTCornerImageView.m */; };
		369371A029C0369F00833591 /* YTCore.bundle in Resources */ = {isa = PBXBuildFile; fileRef = 3693719F29C0369F00833591 /* YTCore.bundle */; };
		36A576D829D2D258000164E5 /* NSString+Youtube.m in Sources */ = {isa = PBXBuildFile; fileRef = 36A576D729D2D258000164E5 /* NSString+Youtube.m */; };
		36E066FB29CE88D600DB34CE /* DLMediaUtils.framework in Frameworks */ = {isa = PBXBuildFile; fileRef = 36E066F229CE887F00DB34CE /* DLMediaUtils.framework */; };
		36E066FC29CE88D600DB34CE /* DLMediaUtils.framework in Embed Frameworks */ = {isa = PBXBuildFile; fileRef = 36E066F229CE887F00DB34CE /* DLMediaUtils.framework */; settings = {ATTRIBUTES = (CodeSignOnCopy, RemoveHeadersOnCopy, ); }; };
		36E0A9CE29BD809D0025DB2F /* env.zip in Resources */ = {isa = PBXBuildFile; fileRef = 36E0A9CD29BD809D0025DB2F /* env.zip */; };
		36E0AA3629BD85780025DB2F /* YTVideoMuxer.m in Sources */ = {isa = PBXBuildFile; fileRef = 36E0AA3429BD85780025DB2F /* YTVideoMuxer.m */; };
		36E0AA3B29BD85950025DB2F /* YTPanel.m in Sources */ = {isa = PBXBuildFile; fileRef = 36E0AA3929BD85950025DB2F /* YTPanel.m */; };
		36E0AA3E29BD8CD00025DB2F /* Foundation.framework in Frameworks */ = {isa = PBXBuildFile; fileRef = 36E0AA3D29BD8CD00025DB2F /* Foundation.framework */; };
		36E0AA4029BD8CEB0025DB2F /* libc++.tbd in Frameworks */ = {isa = PBXBuildFile; fileRef = 36E0AA3F29BD8CEB0025DB2F /* libc++.tbd */; };
		36E0AA4229BD8CF60025DB2F /* libxml2.tbd in Frameworks */ = {isa = PBXBuildFile; fileRef = 36E0AA4129BD8CF60025DB2F /* libxml2.tbd */; };
		36E0AA4429BD8CFF0025DB2F /* libbz2.tbd in Frameworks */ = {isa = PBXBuildFile; fileRef = 36E0AA4329BD8CFF0025DB2F /* libbz2.tbd */; };
		36E0AA4629BD8D640025DB2F /* CoreFoundation.framework in Frameworks */ = {isa = PBXBuildFile; fileRef = 36E0AA4529BD8D640025DB2F /* CoreFoundation.framework */; };
		36E0AA4829BD8D7F0025DB2F /* CFNetwork.framework in Frameworks */ = {isa = PBXBuildFile; fileRef = 36E0AA4729BD8D7F0025DB2F /* CFNetwork.framework */; };
		36E0AB9029BD95390025DB2F /* libsqlite3.tbd in Frameworks */ = {isa = PBXBuildFile; fileRef = 36E0AB8E29BD950F0025DB2F /* libsqlite3.tbd */; };
		36E0AB9129BD95480025DB2F /* libz.tbd in Frameworks */ = {isa = PBXBuildFile; fileRef = 36E0AB8F29BD95240025DB2F /* libz.tbd */; };
		36E0AB9929BDBF6B0025DB2F /* YTFileManager.m in Sources */ = {isa = PBXBuildFile; fileRef = 36E0AB9729BDBF6B0025DB2F /* YTFileManager.m */; };
		36E0AB9E29BDDE170025DB2F /* YTVideo.m in Sources */ = {isa = PBXBuildFile; fileRef = 36E0AB9C29BDDE170025DB2F /* YTVideo.m */; };
		36E0ABA729BDE7420025DB2F /* AppDelegate.m in Sources */ = {isa = PBXBuildFile; fileRef = 36E0ABA629BDE7420025DB2F /* AppDelegate.m */; };
		36E0ABAA29BDE7420025DB2F /* SceneDelegate.m in Sources */ = {isa = PBXBuildFile; fileRef = 36E0ABA929BDE7420025DB2F /* SceneDelegate.m */; };
		36E0ABB029BDE7420025DB2F /* Main.storyboard in Resources */ = {isa = PBXBuildFile; fileRef = 36E0ABAE29BDE7420025DB2F /* Main.storyboard */; };
		36E0ABB229BDE7430025DB2F /* Assets.xcassets in Resources */ = {isa = PBXBuildFile; fileRef = 36E0ABB129BDE7430025DB2F /* Assets.xcassets */; };
		36E0ABB529BDE7430025DB2F /* LaunchScreen.storyboard in Resources */ = {isa = PBXBuildFile; fileRef = 36E0ABB329BDE7430025DB2F /* LaunchScreen.storyboard */; };
		36E0ABB829BDE7430025DB2F /* main.m in Sources */ = {isa = PBXBuildFile; fileRef = 36E0ABB729BDE7430025DB2F /* main.m */; };
		36E0ABC329BE0F370025DB2F /* YTCore.framework in Frameworks */ = {isa = PBXBuildFile; fileRef = 36E0A8C629BD7FBA0025DB2F /* YTCore.framework */; };
		36E0ABC429BE0F370025DB2F /* YTCore.framework in Embed Frameworks */ = {isa = PBXBuildFile; fileRef = 36E0A8C629BD7FBA0025DB2F /* YTCore.framework */; settings = {ATTRIBUTES = (CodeSignOnCopy, RemoveHeadersOnCopy, ); }; };
		36E0ABD729BEA19E0025DB2F /* YTCLogView.m in Sources */ = {isa = PBXBuildFile; fileRef = 36E0ABD629BEA19E0025DB2F /* YTCLogView.m */; };
		36E0ABDE29BEA3620025DB2F /* MainController.mm in Sources */ = {isa = PBXBuildFile; fileRef = 36E0ABDD29BEA3620025DB2F /* MainController.mm */; };
		36EC8C2E29CFEB8D0075B5E0 /* VideoOperation.m in Sources */ = {isa = PBXBuildFile; fileRef = 36EC8C2D29CFEB8D0075B5E0 /* VideoOperation.m */; };
		36EC8C3D29D0011F0075B5E0 /* WkWebBrowser.m in Sources */ = {isa = PBXBuildFile; fileRef = 36EC8C3C29D0011F0075B5E0 /* WkWebBrowser.m */; };
		36EC8C4329D01D030075B5E0 /* MP4FileController.m in Sources */ = {isa = PBXBuildFile; fileRef = 36EC8C4229D01D030075B5E0 /* MP4FileController.m */; };
		36EC8C4A29D01D9B0075B5E0 /* MP4FileController.xib in Resources */ = {isa = PBXBuildFile; fileRef = 36EC8C4829D01D9A0075B5E0 /* MP4FileController.xib */; };
		36EC8C4C29D0201D0075B5E0 /* EmptyFiles.xib in Resources */ = {isa = PBXBuildFile; fileRef = 36EC8C4B29D0201D0075B5E0 /* EmptyFiles.xib */; };
/* End PBXBuildFile section */

/* Begin PBXContainerItemProxy section */
		3600F03729CEF47600B52F8C /* PBXContainerItemProxy */ = {
			isa = PBXContainerItemProxy;
			containerPortal = 3600F03029CEF47600B52F8C /* ZipArchive.xcodeproj */;
			proxyType = 2;
			remoteGlobalIDString = B423AE1A1C0DF76A0004A2F1;
			remoteInfo = "ZipArchive-iOS";
		};
		3600F03929CEF47600B52F8C /* PBXContainerItemProxy */ = {
			isa = PBXContainerItemProxy;
			containerPortal = 3600F03029CEF47600B52F8C /* ZipArchive.xcodeproj */;
			proxyType = 2;
			remoteGlobalIDString = AFF75A241C37279600F450AC;
			remoteInfo = "ZipArchive-Mac";
		};
		3600F03B29CEF47600B52F8C /* PBXContainerItemProxy */ = {
			isa = PBXContainerItemProxy;
			containerPortal = 3600F03029CEF47600B52F8C /* ZipArchive.xcodeproj */;
			proxyType = 2;
			remoteGlobalIDString = 37952C261F63B50D00DD6677;
			remoteInfo = "ZipArchive-tvos";
		};
		3600F03D29CEF47600B52F8C /* PBXContainerItemProxy */ = {
			isa = PBXContainerItemProxy;
			containerPortal = 3600F03029CEF47600B52F8C /* ZipArchive.xcodeproj */;
			proxyType = 2;
			remoteGlobalIDString = 37952C5E1F63BB7100DD6677;
			remoteInfo = "ZipArchive-watchos";
		};
		3600F03F29CEF48200B52F8C /* PBXContainerItemProxy */ = {
			isa = PBXContainerItemProxy;
			containerPortal = 3600F03029CEF47600B52F8C /* ZipArchive.xcodeproj */;
			proxyType = 1;
			remoteGlobalIDString = B423AE191C0DF76A0004A2F1;
			remoteInfo = "ZipArchive-iOS";
		};
		36E066F129CE887F00DB34CE /* PBXContainerItemProxy */ = {
			isa = PBXContainerItemProxy;
			containerPortal = 36E066ED29CE887F00DB34CE /* DLMediaUtils.xcodeproj */;
			proxyType = 2;
			remoteGlobalIDString = E4F0CD39253757A200F6C5F8;
			remoteInfo = DLMediaUtils;
		};
		36E066F929CE88CF00DB34CE /* PBXContainerItemProxy */ = {
			isa = PBXContainerItemProxy;
			containerPortal = 36E066ED29CE887F00DB34CE /* DLMediaUtils.xcodeproj */;
			proxyType = 1;
			remoteGlobalIDString = E4F0CD38253757A200F6C5F8;
			remoteInfo = DLMediaUtils;
		};
		36E0ABC029BE0F2A0025DB2F /* PBXContainerItemProxy */ = {
			isa = PBXContainerItemProxy;
			containerPortal = 36E0A8BD29BD7FBA0025DB2F /* Project object */;
			proxyType = 1;
			remoteGlobalIDString = 36E0A8C529BD7FBA0025DB2F;
			remoteInfo = YTCore;
		};
/* End PBXContainerItemProxy section */

/* Begin PBXCopyFilesBuildPhase section */
		36E0ABC529BE0F370025DB2F /* Embed Frameworks */ = {
			isa = PBXCopyFilesBuildPhase;
			buildActionMask = 2147483647;
			dstPath = "";
			dstSubfolderSpec = 10;
			files = (
				36E0ABC429BE0F370025DB2F /* YTCore.framework in Embed Frameworks */,
			);
			name = "Embed Frameworks";
			runOnlyForDeploymentPostprocessing = 0;
		};
		36E0ABCA29BE0FCA0025DB2F /* Embed Frameworks */ = {
			isa = PBXCopyFilesBuildPhase;
			buildActionMask = 2147483647;
			dstPath = "";
			dstSubfolderSpec = 10;
			files = (
				36E066FC29CE88D600DB34CE /* DLMediaUtils.framework in Embed Frameworks */,
				3600F04329CEF49600B52F8C /* ZipArchive.framework in Embed Frameworks */,
			);
			name = "Embed Frameworks";
			runOnlyForDeploymentPostprocessing = 0;
		};
/* End PBXCopyFilesBuildPhase section */

/* Begin PBXFileReference section */
		3600F03029CEF47600B52F8C /* ZipArchive.xcodeproj */ = {isa = PBXFileReference; lastKnownFileType = "wrapper.pb-project"; path = ZipArchive.xcodeproj; sourceTree = "<group>"; };
		3600F04529CF16A000B52F8C /* AVFoundation.framework */ = {isa = PBXFileReference; lastKnownFileType = wrapper.framework; name = AVFoundation.framework; path = System/Library/Frameworks/AVFoundation.framework; sourceTree = SDKROOT; };
		3600F04629CF16A000B52F8C /* AVKit.framework */ = {isa = PBXFileReference; lastKnownFileType = wrapper.framework; name = AVKit.framework; path = System/Library/Frameworks/AVKit.framework; sourceTree = SDKROOT; };
		3600F05429CFE1AB00B52F8C /* VideoToolbox.framework */ = {isa = PBXFileReference; lastKnownFileType = wrapper.framework; name = VideoToolbox.framework; path = System/Library/Frameworks/VideoToolbox.framework; sourceTree = SDKROOT; };
		36165A4829D15A380041BFBB /* YTCoreProtocol.h */ = {isa = PBXFileReference; fileEncoding = 4; lastKnownFileType = sourcecode.c.h; path = YTCoreProtocol.h; sourceTree = "<group>"; };
		36165A4929D15A380041BFBB /* YTStatusInfo.m */ = {isa = PBXFileReference; fileEncoding = 4; lastKnownFileType = sourcecode.c.objc; path = YTStatusInfo.m; sourceTree = "<group>"; };
		36165A4A29D15A380041BFBB /* YTStatusInfo.h */ = {isa = PBXFileReference; fileEncoding = 4; lastKnownFileType = sourcecode.c.h; path = YTStatusInfo.h; sourceTree = "<group>"; };
		36165A5829D1E6190041BFBB /* ErrorTextField.h */ = {isa = PBXFileReference; lastKnownFileType = sourcecode.c.h; path = ErrorTextField.h; sourceTree = "<group>"; };
		36165A5929D1E6190041BFBB /* ErrorTextField.m */ = {isa = PBXFileReference; lastKnownFileType = sourcecode.c.objc; path = ErrorTextField.m; sourceTree = "<group>"; };
		36165A6129D2758E0041BFBB /* MainViewModel.h */ = {isa = PBXFileReference; lastKnownFileType = sourcecode.c.h; path = MainViewModel.h; sourceTree = "<group>"; };
		36165A6229D2758E0041BFBB /* MainViewModel.mm */ = {isa = PBXFileReference; lastKnownFileType = sourcecode.cpp.objcpp; path = MainViewModel.mm; sourceTree = "<group>"; };
		364AC96129C9EFB400461AF8 /* UIButton+BackgroundColor.h */ = {isa = PBXFileReference; lastKnownFileType = sourcecode.c.h; path = "UIButton+BackgroundColor.h"; sourceTree = "<group>"; };
		364AC96229C9EFB400461AF8 /* UIButton+BackgroundColor.m */ = {isa = PBXFileReference; lastKnownFileType = sourcecode.c.objc; path = "UIButton+BackgroundColor.m"; sourceTree = "<group>"; };
		366240DF29CAF90700DF4BB9 /* XZ.framework */ = {isa = PBXFileReference; lastKnownFileType = wrapper.framework; path = XZ.framework; sourceTree = "<group>"; };
		366240E029CAF90700DF4BB9 /* Python.framework */ = {isa = PBXFileReference; lastKnownFileType = wrapper.framework; path = Python.framework; sourceTree = "<group>"; };
		366240E129CAF90700DF4BB9 /* OpenSSL.framework */ = {isa = PBXFileReference; lastKnownFileType = wrapper.framework; path = OpenSSL.framework; sourceTree = "<group>"; };
		366240E229CAF90700DF4BB9 /* BZip2.framework */ = {isa = PBXFileReference; lastKnownFileType = wrapper.framework; path = BZip2.framework; sourceTree = "<group>"; };
		366240E929CB2DF800DF4BB9 /* YTDownloader.h */ = {isa = PBXFileReference; lastKnownFileType = sourcecode.c.h; path = YTDownloader.h; sourceTree = "<group>"; };
		366240EA29CB2DF800DF4BB9 /* YTDownloader.m */ = {isa = PBXFileReference; lastKnownFileType = sourcecode.c.objc; path = YTDownloader.m; sourceTree = "<group>"; };
		366D41BB29CEBBBB005A29B0 /* YTCoreUtility+update.h */ = {isa = PBXFileReference; fileEncoding = 4; lastKnownFileType = sourcecode.c.h; path = "YTCoreUtility+update.h"; sourceTree = "<group>"; };
		366D41BC29CEBBBB005A29B0 /* YTCoreUtility+download.h */ = {isa = PBXFileReference; fileEncoding = 4; lastKnownFileType = sourcecode.c.h; path = "YTCoreUtility+download.h"; sourceTree = "<group>"; };
		366D41BD29CEBBBB005A29B0 /* YTCoreUtility+env.h */ = {isa = PBXFileReference; fileEncoding = 4; lastKnownFileType = sourcecode.c.h; path = "YTCoreUtility+env.h"; sourceTree = "<group>"; };
		366D41BE29CEBBBB005A29B0 /* YTCoreUtility+invoke.h */ = {isa = PBXFileReference; fileEncoding = 4; lastKnownFileType = sourcecode.c.h; path = "YTCoreUtility+invoke.h"; sourceTree = "<group>"; };
		366D41BF29CEBBBB005A29B0 /* YTCoreUtility+env.mm */ = {isa = PBXFileReference; fileEncoding = 4; lastKnownFileType = sourcecode.cpp.objcpp; path = "YTCoreUtility+env.mm"; sourceTree = "<group>"; };
		366D41C029CEBBBB005A29B0 /* YTCoreUtility.mm */ = {isa = PBXFileReference; fileEncoding = 4; lastKnownFileType = sourcecode.cpp.objcpp; path = YTCoreUtility.mm; sourceTree = "<group>"; };
		366D41C129CEBBBB005A29B0 /* YTCoreUtility.h */ = {isa = PBXFileReference; fileEncoding = 4; lastKnownFileType = sourcecode.c.h; path = YTCoreUtility.h; sourceTree = "<group>"; };
		366D41C229CEBBBB005A29B0 /* YTCoreUtility+invoke.m */ = {isa = PBXFileReference; fileEncoding = 4; lastKnownFileType = sourcecode.c.objc; path = "YTCoreUtility+invoke.m"; sourceTree = "<group>"; };
		366D41C329CEBBBB005A29B0 /* YTCoreUtility+parse.h */ = {isa = PBXFileReference; fileEncoding = 4; lastKnownFileType = sourcecode.c.h; path = "YTCoreUtility+parse.h"; sourceTree = "<group>"; };
		366D41C429CEBBBB005A29B0 /* YTCoreUtility+parse.mm */ = {isa = PBXFileReference; fileEncoding = 4; lastKnownFileType = sourcecode.cpp.objcpp; path = "YTCoreUtility+parse.mm"; sourceTree = "<group>"; };
		366D41C529CEBBBB005A29B0 /* YTCoreUtility+update.mm */ = {isa = PBXFileReference; fileEncoding = 4; lastKnownFileType = sourcecode.cpp.objcpp; path = "YTCoreUtility+update.mm"; sourceTree = "<group>"; };
		366D41C629CEBBBB005A29B0 /* YTCoreUtility+download.m */ = {isa = PBXFileReference; fileEncoding = 4; lastKnownFileType = sourcecode.c.objc; path = "YTCoreUtility+download.m"; sourceTree = "<group>"; };
		3686AAFE29C072F300D57CAD /* UIButton+Block.h */ = {isa = PBXFileReference; lastKnownFileType = sourcecode.c.h; path = "UIButton+Block.h"; sourceTree = "<group>"; };
		3686AAFF29C072F300D57CAD /* UIButton+Block.m */ = {isa = PBXFileReference; lastKnownFileType = sourcecode.c.objc; path = "UIButton+Block.m"; sourceTree = "<group>"; };
		3686AB0529C1A78000D57CAD /* YTMediaDownloadView.h */ = {isa = PBXFileReference; lastKnownFileType = sourcecode.c.h; path = YTMediaDownloadView.h; sourceTree = "<group>"; };
		3686AB0629C1A78000D57CAD /* YTMediaDownloadView.m */ = {isa = PBXFileReference; lastKnownFileType = sourcecode.c.objc; path = YTMediaDownloadView.m; sourceTree = "<group>"; };
		368E77FB29D0599A0031BBF1 /* NavController.h */ = {isa = PBXFileReference; lastKnownFileType = sourcecode.c.h; path = NavController.h; sourceTree = "<group>"; };
		368E77FC29D0599A0031BBF1 /* NavController.m */ = {isa = PBXFileReference; lastKnownFileType = sourcecode.c.objc; path = NavController.m; sourceTree = "<group>"; };
		368E780429D09BDF0031BBF1 /* UIViewController+Alert.h */ = {isa = PBXFileReference; lastKnownFileType = sourcecode.c.h; path = "UIViewController+Alert.h"; sourceTree = "<group>"; };
		368E780529D09BDF0031BBF1 /* UIViewController+Alert.m */ = {isa = PBXFileReference; lastKnownFileType = sourcecode.c.objc; path = "UIViewController+Alert.m"; sourceTree = "<group>"; };
		3693717429BED8EF00833591 /* YTParseInfo.h */ = {isa = PBXFileReference; lastKnownFileType = sourcecode.c.h; path = YTParseInfo.h; sourceTree = "<group>"; };
		3693717929BED95200833591 /* YYClassInfo.h */ = {isa = PBXFileReference; fileEncoding = 4; lastKnownFileType = sourcecode.c.h; path = YYClassInfo.h; sourceTree = "<group>"; };
		3693717A29BED95200833591 /* YYModel.h */ = {isa = PBXFileReference; fileEncoding = 4; lastKnownFileType = sourcecode.c.h; path = YYModel.h; sourceTree = "<group>"; };
		3693717B29BED95200833591 /* NSObject+YYModel.m */ = {isa = PBXFileReference; fileEncoding = 4; lastKnownFileType = sourcecode.c.objc; path = "NSObject+YYModel.m"; sourceTree = "<group>"; };
		3693717C29BED95200833591 /* YYClassInfo.m */ = {isa = PBXFileReference; fileEncoding = 4; lastKnownFileType = sourcecode.c.objc; path = YYClassInfo.m; sourceTree = "<group>"; };
		3693717D29BED95200833591 /* NSObject+YYModel.h */ = {isa = PBXFileReference; fileEncoding = 4; lastKnownFileType = sourcecode.c.h; path = "NSObject+YYModel.h"; sourceTree = "<group>"; };
		3693718329BF029400833591 /* YTParseInfo.m */ = {isa = PBXFileReference; lastKnownFileType = sourcecode.c.objc; path = YTParseInfo.m; sourceTree = "<group>"; };
		3693718529BF19ED00833591 /* parse.plist */ = {isa = PBXFileReference; lastKnownFileType = text.plist; path = parse.plist; sourceTree = "<group>"; };
		3693718E29BF821E00833591 /* YTPanelHead.h */ = {isa = PBXFileReference; lastKnownFileType = sourcecode.c.h; path = YTPanelHead.h; sourceTree = "<group>"; };
		3693718F29BF821E00833591 /* YTPanelHead.m */ = {isa = PBXFileReference; lastKnownFileType = sourcecode.c.objc; path = YTPanelHead.m; sourceTree = "<group>"; };
		3693719229BFFCC400833591 /* YTPanelCell.h */ = {isa = PBXFileReference; lastKnownFileType = sourcecode.c.h; path = YTPanelCell.h; sourceTree = "<group>"; };
		3693719329BFFCC400833591 /* YTPanelCell.m */ = {isa = PBXFileReference; lastKnownFileType = sourcecode.c.objc; path = YTPanelCell.m; sourceTree = "<group>"; };
		3693719629BFFE8100833591 /* YTPanelTable.h */ = {isa = PBXFileReference; lastKnownFileType = sourcecode.c.h; path = YTPanelTable.h; sourceTree = "<group>"; };
		3693719729BFFE8100833591 /* YTPanelTable.m */ = {isa = PBXFileReference; lastKnownFileType = sourcecode.c.objc; path = YTPanelTable.m; sourceTree = "<group>"; };
		3693719B29C016C400833591 /* YTCornerImageView.h */ = {isa = PBXFileReference; lastKnownFileType = sourcecode.c.h; path = YTCornerImageView.h; sourceTree = "<group>"; };
		3693719C29C016C400833591 /* YTCornerImageView.m */ = {isa = PBXFileReference; lastKnownFileType = sourcecode.c.objc; path = YTCornerImageView.m; sourceTree = "<group>"; };
		3693719F29C0369F00833591 /* YTCore.bundle */ = {isa = PBXFileReference; lastKnownFileType = "wrapper.plug-in"; path = YTCore.bundle; sourceTree = "<group>"; };
		36A576D629D2D258000164E5 /* NSString+Youtube.h */ = {isa = PBXFileReference; lastKnownFileType = sourcecode.c.h; path = "NSString+Youtube.h"; sourceTree = "<group>"; };
		36A576D729D2D258000164E5 /* NSString+Youtube.m */ = {isa = PBXFileReference; lastKnownFileType = sourcecode.c.objc; path = "NSString+Youtube.m"; sourceTree = "<group>"; };
		36E066C829CDD0F500DB34CE /* YTStatus.h */ = {isa = PBXFileReference; lastKnownFileType = sourcecode.c.h; path = YTStatus.h; sourceTree = "<group>"; };
		36E066ED29CE887F00DB34CE /* DLMediaUtils.xcodeproj */ = {isa = PBXFileReference; lastKnownFileType = "wrapper.pb-project"; path = DLMediaUtils.xcodeproj; sourceTree = "<group>"; };
		36E0A8C629BD7FBA0025DB2F /* YTCore.framework */ = {isa = PBXFileReference; explicitFileType = wrapper.framework; includeInIndex = 0; path = YTCore.framework; sourceTree = BUILT_PRODUCTS_DIR; };
		36E0A8C929BD7FBA0025DB2F /* YTCore.h */ = {isa = PBXFileReference; lastKnownFileType = sourcecode.c.h; path = YTCore.h; sourceTree = "<group>"; };
		36E0A9CD29BD809D0025DB2F /* env.zip */ = {isa = PBXFileReference; lastKnownFileType = archive.zip; path = env.zip; sourceTree = "<group>"; };
		36E0AA2929BD83F70025DB2F /* YTVideo.h */ = {isa = PBXFileReference; fileEncoding = 4; lastKnownFileType = sourcecode.c.h; path = YTVideo.h; sourceTree = "<group>"; };
		36E0AA3329BD85780025DB2F /* YTVideoMuxer.h */ = {isa = PBXFileReference; lastKnownFileType = sourcecode.c.h; path = YTVideoMuxer.h; sourceTree = "<group>"; };
		36E0AA3429BD85780025DB2F /* YTVideoMuxer.m */ = {isa = PBXFileReference; lastKnownFileType = sourcecode.c.objc; path = YTVideoMuxer.m; sourceTree = "<group>"; };
		36E0AA3829BD85950025DB2F /* YTPanel.h */ = {isa = PBXFileReference; lastKnownFileType = sourcecode.c.h; path = YTPanel.h; sourceTree = "<group>"; };
		36E0AA3929BD85950025DB2F /* YTPanel.m */ = {isa = PBXFileReference; lastKnownFileType = sourcecode.c.objc; path = YTPanel.m; sourceTree = "<group>"; };
		36E0AA3D29BD8CD00025DB2F /* Foundation.framework */ = {isa = PBXFileReference; lastKnownFileType = wrapper.framework; name = Foundation.framework; path = Platforms/MacOSX.platform/Developer/SDKs/MacOSX13.0.sdk/System/Library/Frameworks/Foundation.framework; sourceTree = DEVELOPER_DIR; };
		36E0AA3F29BD8CEB0025DB2F /* libc++.tbd */ = {isa = PBXFileReference; lastKnownFileType = "sourcecode.text-based-dylib-definition"; name = "libc++.tbd"; path = "Platforms/MacOSX.platform/Developer/SDKs/MacOSX13.0.sdk/usr/lib/libc++.tbd"; sourceTree = DEVELOPER_DIR; };
		36E0AA4129BD8CF60025DB2F /* libxml2.tbd */ = {isa = PBXFileReference; lastKnownFileType = "sourcecode.text-based-dylib-definition"; name = libxml2.tbd; path = Platforms/MacOSX.platform/Developer/SDKs/MacOSX13.0.sdk/usr/lib/libxml2.tbd; sourceTree = DEVELOPER_DIR; };
		36E0AA4329BD8CFF0025DB2F /* libbz2.tbd */ = {isa = PBXFileReference; lastKnownFileType = "sourcecode.text-based-dylib-definition"; name = libbz2.tbd; path = Platforms/MacOSX.platform/Developer/SDKs/MacOSX13.0.sdk/usr/lib/libbz2.tbd; sourceTree = DEVELOPER_DIR; };
		36E0AA4529BD8D640025DB2F /* CoreFoundation.framework */ = {isa = PBXFileReference; lastKnownFileType = wrapper.framework; name = CoreFoundation.framework; path = Platforms/MacOSX.platform/Developer/SDKs/MacOSX13.0.sdk/System/Library/Frameworks/CoreFoundation.framework; sourceTree = DEVELOPER_DIR; };
		36E0AA4729BD8D7F0025DB2F /* CFNetwork.framework */ = {isa = PBXFileReference; lastKnownFileType = wrapper.framework; name = CFNetwork.framework; path = Platforms/MacOSX.platform/Developer/SDKs/MacOSX13.0.sdk/System/Library/Frameworks/CFNetwork.framework; sourceTree = DEVELOPER_DIR; };
		36E0AB8E29BD950F0025DB2F /* libsqlite3.tbd */ = {isa = PBXFileReference; lastKnownFileType = "sourcecode.text-based-dylib-definition"; name = libsqlite3.tbd; path = usr/lib/libsqlite3.tbd; sourceTree = SDKROOT; };
		36E0AB8F29BD95240025DB2F /* libz.tbd */ = {isa = PBXFileReference; lastKnownFileType = "sourcecode.text-based-dylib-definition"; name = libz.tbd; path = usr/lib/libz.tbd; sourceTree = SDKROOT; };
		36E0AB9229BD957F0025DB2F /* YTCoreDef.h */ = {isa = PBXFileReference; lastKnownFileType = sourcecode.c.h; path = YTCoreDef.h; sourceTree = "<group>"; };
		36E0AB9629BDBF6B0025DB2F /* YTFileManager.h */ = {isa = PBXFileReference; lastKnownFileType = sourcecode.c.h; path = YTFileManager.h; sourceTree = "<group>"; };
		36E0AB9729BDBF6B0025DB2F /* YTFileManager.m */ = {isa = PBXFileReference; lastKnownFileType = sourcecode.c.objc; path = YTFileManager.m; sourceTree = "<group>"; };
		36E0AB9C29BDDE170025DB2F /* YTVideo.m */ = {isa = PBXFileReference; lastKnownFileType = sourcecode.c.objc; path = YTVideo.m; sourceTree = "<group>"; };
		36E0ABA329BDE7420025DB2F /* Example.app */ = {isa = PBXFileReference; explicitFileType = wrapper.application; includeInIndex = 0; path = Example.app; sourceTree = BUILT_PRODUCTS_DIR; };
		36E0ABA529BDE7420025DB2F /* AppDelegate.h */ = {isa = PBXFileReference; lastKnownFileType = sourcecode.c.h; path = AppDelegate.h; sourceTree = "<group>"; };
		36E0ABA629BDE7420025DB2F /* AppDelegate.m */ = {isa = PBXFileReference; lastKnownFileType = sourcecode.c.objc; path = AppDelegate.m; sourceTree = "<group>"; };
		36E0ABA829BDE7420025DB2F /* SceneDelegate.h */ = {isa = PBXFileReference; lastKnownFileType = sourcecode.c.h; path = SceneDelegate.h; sourceTree = "<group>"; };
		36E0ABA929BDE7420025DB2F /* SceneDelegate.m */ = {isa = PBXFileReference; lastKnownFileType = sourcecode.c.objc; path = SceneDelegate.m; sourceTree = "<group>"; };
		36E0ABAF29BDE7420025DB2F /* Base */ = {isa = PBXFileReference; lastKnownFileType = file.storyboard; name = Base; path = Base.lproj/Main.storyboard; sourceTree = "<group>"; };
		36E0ABB129BDE7430025DB2F /* Assets.xcassets */ = {isa = PBXFileReference; lastKnownFileType = folder.assetcatalog; path = Assets.xcassets; sourceTree = "<group>"; };
		36E0ABB429BDE7430025DB2F /* Base */ = {isa = PBXFileReference; lastKnownFileType = file.storyboard; name = Base; path = Base.lproj/LaunchScreen.storyboard; sourceTree = "<group>"; };
		36E0ABB629BDE7430025DB2F /* Info.plist */ = {isa = PBXFileReference; lastKnownFileType = text.plist.xml; path = Info.plist; sourceTree = "<group>"; };
		36E0ABB729BDE7430025DB2F /* main.m */ = {isa = PBXFileReference; lastKnownFileType = sourcecode.c.objc; path = main.m; sourceTree = "<group>"; };
		36E0ABD529BEA19E0025DB2F /* YTCLogView.h */ = {isa = PBXFileReference; lastKnownFileType = sourcecode.c.h; path = YTCLogView.h; sourceTree = "<group>"; };
		36E0ABD629BEA19E0025DB2F /* YTCLogView.m */ = {isa = PBXFileReference; lastKnownFileType = sourcecode.c.objc; path = YTCLogView.m; sourceTree = "<group>"; };
		36E0ABD929BEA2180025DB2F /* YTReachability.h */ = {isa = PBXFileReference; lastKnownFileType = sourcecode.c.h; path = YTReachability.h; sourceTree = "<group>"; };
		36E0ABDA29BEA2180025DB2F /* YTReachability.m */ = {isa = PBXFileReference; lastKnownFileType = sourcecode.c.objc; path = YTReachability.m; sourceTree = "<group>"; };
		36E0ABDC29BEA3620025DB2F /* MainController.h */ = {isa = PBXFileReference; lastKnownFileType = sourcecode.c.h; path = MainController.h; sourceTree = "<group>"; };
		36E0ABDD29BEA3620025DB2F /* MainController.mm */ = {isa = PBXFileReference; lastKnownFileType = sourcecode.cpp.objcpp; path = MainController.mm; sourceTree = "<group>"; };
		36EC8C2C29CFEB8D0075B5E0 /* VideoOperation.h */ = {isa = PBXFileReference; lastKnownFileType = sourcecode.c.h; path = VideoOperation.h; sourceTree = "<group>"; };
		36EC8C2D29CFEB8D0075B5E0 /* VideoOperation.m */ = {isa = PBXFileReference; lastKnownFileType = sourcecode.c.objc; path = VideoOperation.m; sourceTree = "<group>"; };
		36EC8C3B29D0011F0075B5E0 /* WkWebBrowser.h */ = {isa = PBXFileReference; lastKnownFileType = sourcecode.c.h; path = WkWebBrowser.h; sourceTree = "<group>"; };
		36EC8C3C29D0011F0075B5E0 /* WkWebBrowser.m */ = {isa = PBXFileReference; lastKnownFileType = sourcecode.c.objc; path = WkWebBrowser.m; sourceTree = "<group>"; };
		36EC8C4129D01D030075B5E0 /* MP4FileController.h */ = {isa = PBXFileReference; lastKnownFileType = sourcecode.c.h; path = MP4FileController.h; sourceTree = "<group>"; };
		36EC8C4229D01D030075B5E0 /* MP4FileController.m */ = {isa = PBXFileReference; lastKnownFileType = sourcecode.c.objc; path = MP4FileController.m; sourceTree = "<group>"; };
		36EC8C4829D01D9A0075B5E0 /* MP4FileController.xib */ = {isa = PBXFileReference; lastKnownFileType = file.xib; path = MP4FileController.xib; sourceTree = "<group>"; };
		36EC8C4B29D0201D0075B5E0 /* EmptyFiles.xib */ = {isa = PBXFileReference; lastKnownFileType = file.xib; path = EmptyFiles.xib; sourceTree = "<group>"; };
/* End PBXFileReference section */

/* Begin PBXFrameworksBuildPhase section */
		36E0A8C329BD7FBA0025DB2F /* Frameworks */ = {
			isa = PBXFrameworksBuildPhase;
			buildActionMask = 2147483647;
			files = (
				3600F05529CFE1AB00B52F8C /* VideoToolbox.framework in Frameworks */,
				36E0AA4829BD8D7F0025DB2F /* CFNetwork.framework in Frameworks */,
				36E0AA4629BD8D640025DB2F /* CoreFoundation.framework in Frameworks */,
				36E0AB9129BD95480025DB2F /* libz.tbd in Frameworks */,
				36E0AA4429BD8CFF0025DB2F /* libbz2.tbd in Frameworks */,
				366240E329CAF90700DF4BB9 /* XZ.framework in Frameworks */,
				36E0AA4229BD8CF60025DB2F /* libxml2.tbd in Frameworks */,
				36E0AB9029BD95390025DB2F /* libsqlite3.tbd in Frameworks */,
				366240E629CAF90700DF4BB9 /* BZip2.framework in Frameworks */,
				36E0AA4029BD8CEB0025DB2F /* libc++.tbd in Frameworks */,
				366240E529CAF90700DF4BB9 /* OpenSSL.framework in Frameworks */,
				36E066FB29CE88D600DB34CE /* DLMediaUtils.framework in Frameworks */,
				366240E429CAF90700DF4BB9 /* Python.framework in Frameworks */,
				36E0AA3E29BD8CD00025DB2F /* Foundation.framework in Frameworks */,
				3600F04229CEF49600B52F8C /* ZipArchive.framework in Frameworks */,
			);
			runOnlyForDeploymentPostprocessing = 0;
		};
		36E0ABA029BDE7420025DB2F /* Frameworks */ = {
			isa = PBXFrameworksBuildPhase;
			buildActionMask = 2147483647;
			files = (
				3600F04729CF16A000B52F8C /* AVFoundation.framework in Frameworks */,
				3600F04829CF16A000B52F8C /* AVKit.framework in Frameworks */,
				36E0ABC329BE0F370025DB2F /* YTCore.framework in Frameworks */,
			);
			runOnlyForDeploymentPostprocessing = 0;
		};
/* End PBXFrameworksBuildPhase section */

/* Begin PBXGroup section */
		3600F03129CEF47600B52F8C /* Products */ = {
			isa = PBXGroup;
			children = (
				3600F03829CEF47600B52F8C /* ZipArchive.framework */,
				3600F03A29CEF47600B52F8C /* ZipArchive.framework */,
				3600F03C29CEF47600B52F8C /* ZipArchive.framework */,
				3600F03E29CEF47600B52F8C /* ZipArchive.framework */,
			);
			name = Products;
			sourceTree = "<group>";
		};
		3600F04A29CF548C00B52F8C /* Application */ = {
			isa = PBXGroup;
			children = (
				36E0ABA529BDE7420025DB2F /* AppDelegate.h */,
				36E0ABA629BDE7420025DB2F /* AppDelegate.m */,
				36E0ABA829BDE7420025DB2F /* SceneDelegate.h */,
				36E0ABA929BDE7420025DB2F /* SceneDelegate.m */,
				36E0ABAE29BDE7420025DB2F /* Main.storyboard */,
				36E0ABB129BDE7430025DB2F /* Assets.xcassets */,
				36E0ABB329BDE7430025DB2F /* LaunchScreen.storyboard */,
				36E0ABB629BDE7430025DB2F /* Info.plist */,
				36E0ABB729BDE7430025DB2F /* main.m */,
			);
			path = Application;
			sourceTree = "<group>";
		};
		3600F04B29CF549400B52F8C /* View */ = {
			isa = PBXGroup;
			children = (
				36E0ABD529BEA19E0025DB2F /* YTCLogView.h */,
				36E0ABD629BEA19E0025DB2F /* YTCLogView.m */,
				364AC96129C9EFB400461AF8 /* UIButton+BackgroundColor.h */,
				364AC96229C9EFB400461AF8 /* UIButton+BackgroundColor.m */,
				36165A5829D1E6190041BFBB /* ErrorTextField.h */,
				36165A5929D1E6190041BFBB /* ErrorTextField.m */,
			);
			path = View;
			sourceTree = "<group>";
		};
		3600F04C29CF549E00B52F8C /* Moudule */ = {
			isa = PBXGroup;
			children = (
				36165A6029D2753A0041BFBB /* Controller */,
				36165A5F29D274EA0041BFBB /* Category */,
			);
			path = Moudule;
			sourceTree = "<group>";
		};
		36165A5E29D274C50041BFBB /* ViewModel */ = {
			isa = PBXGroup;
			children = (
				36165A6129D2758E0041BFBB /* MainViewModel.h */,
				36165A6229D2758E0041BFBB /* MainViewModel.mm */,
			);
			path = ViewModel;
			sourceTree = "<group>";
		};
		36165A5F29D274EA0041BFBB /* Category */ = {
			isa = PBXGroup;
			children = (
				368E780429D09BDF0031BBF1 /* UIViewController+Alert.h */,
				368E780529D09BDF0031BBF1 /* UIViewController+Alert.m */,
				36A576D629D2D258000164E5 /* NSString+Youtube.h */,
				36A576D729D2D258000164E5 /* NSString+Youtube.m */,
			);
			path = Category;
			sourceTree = "<group>";
		};
		36165A6029D2753A0041BFBB /* Controller */ = {
			isa = PBXGroup;
			children = (
				36EC8C4029D00BF10075B5E0 /* Video */,
				36EC8C3F29D00BE80075B5E0 /* Web */,
				36EC8C3E29D00BB70075B5E0 /* Main */,
			);
			path = Controller;
			sourceTree = "<group>";
		};
		3693717829BED95200833591 /* YYModel */ = {
			isa = PBXGroup;
			children = (
				3693717929BED95200833591 /* YYClassInfo.h */,
				3693717A29BED95200833591 /* YYModel.h */,
				3693717B29BED95200833591 /* NSObject+YYModel.m */,
				3693717C29BED95200833591 /* YYClassInfo.m */,
				3693717D29BED95200833591 /* NSObject+YYModel.h */,
			);
			path = YYModel;
			sourceTree = "<group>";
		};
		3693718C29BF699D00833591 /* YTReachability */ = {
			isa = PBXGroup;
			children = (
				36E0ABD929BEA2180025DB2F /* YTReachability.h */,
				36E0ABDA29BEA2180025DB2F /* YTReachability.m */,
			);
			path = YTReachability;
			sourceTree = "<group>";
		};
		36E066BF29CDC44D00DB34CE /* Utility */ = {
			isa = PBXGroup;
			children = (
				36E066D829CDDCC800DB34CE /* YTVideoMuxer */,
				36E066C029CDC51A00DB34CE /* YTDownloader */,
				36E0AB9329BDBD540025DB2F /* YTFileManager */,
				3693718C29BF699D00833591 /* YTReachability */,
			);
			path = Utility;
			sourceTree = "<group>";
		};
		36E066C029CDC51A00DB34CE /* YTDownloader */ = {
			isa = PBXGroup;
			children = (
				366240E929CB2DF800DF4BB9 /* YTDownloader.h */,
				366240EA29CB2DF800DF4BB9 /* YTDownloader.m */,
			);
			path = YTDownloader;
			sourceTree = "<group>";
		};
		36E066C629CDD0E700DB34CE /* Public */ = {
			isa = PBXGroup;
			children = (
				36E0AB9229BD957F0025DB2F /* YTCoreDef.h */,
				36165A4829D15A380041BFBB /* YTCoreProtocol.h */,
				3693717429BED8EF00833591 /* YTParseInfo.h */,
				3693718329BF029400833591 /* YTParseInfo.m */,
				36E066C829CDD0F500DB34CE /* YTStatus.h */,
				36165A4A29D15A380041BFBB /* YTStatusInfo.h */,
				36165A4929D15A380041BFBB /* YTStatusInfo.m */,
			);
			path = Public;
			sourceTree = "<group>";
		};
		36E066CA29CDD17900DB34CE /* Download */ = {
			isa = PBXGroup;
			children = (
				3686AB0529C1A78000D57CAD /* YTMediaDownloadView.h */,
				3686AB0629C1A78000D57CAD /* YTMediaDownloadView.m */,
			);
			path = Download;
			sourceTree = "<group>";
		};
		36E066D829CDDCC800DB34CE /* YTVideoMuxer */ = {
			isa = PBXGroup;
			children = (
				36E066ED29CE887F00DB34CE /* DLMediaUtils.xcodeproj */,
				36E0AA3329BD85780025DB2F /* YTVideoMuxer.h */,
				36E0AA3429BD85780025DB2F /* YTVideoMuxer.m */,
			);
			path = YTVideoMuxer;
			sourceTree = "<group>";
		};
		36E066EE29CE887F00DB34CE /* Products */ = {
			isa = PBXGroup;
			children = (
				36E066F229CE887F00DB34CE /* DLMediaUtils.framework */,
			);
			name = Products;
			sourceTree = "<group>";
		};
		36E0A8BC29BD7FBA0025DB2F = {
			isa = PBXGroup;
			children = (
				36E0A8C829BD7FBA0025DB2F /* YTCore */,
				36E0ABA429BDE7420025DB2F /* Example */,
				36E0A8C729BD7FBA0025DB2F /* Products */,
				36E0AA3C29BD8CD00025DB2F /* Frameworks */,
			);
			sourceTree = "<group>";
		};
		36E0A8C729BD7FBA0025DB2F /* Products */ = {
			isa = PBXGroup;
			children = (
				36E0A8C629BD7FBA0025DB2F /* YTCore.framework */,
				36E0ABA329BDE7420025DB2F /* Example.app */,
			);
			name = Products;
			sourceTree = "<group>";
		};
		36E0A8C829BD7FBA0025DB2F /* YTCore */ = {
			isa = PBXGroup;
			children = (
				36E0A8C929BD7FBA0025DB2F /* YTCore.h */,
				36E066C629CDD0E700DB34CE /* Public */,
				36E066BF29CDC44D00DB34CE /* Utility */,
				36E0A9CF29BD80B90025DB2F /* Module */,
				36E0A9CC29BD807A0025DB2F /* Resource */,
				36E0A8D429BD80450025DB2F /* Library */,
			);
			path = YTCore;
			sourceTree = "<group>";
		};
		36E0A8D429BD80450025DB2F /* Library */ = {
			isa = PBXGroup;
			children = (
				3693717829BED95200833591 /* YYModel */,
				36E0AAE429BD8E6D0025DB2F /* ZipArchive */,
				36E0A8E829BD805F0025DB2F /* Python */,
			);
			path = Library;
			sourceTree = "<group>";
		};
		36E0A8E829BD805F0025DB2F /* Python */ = {
			isa = PBXGroup;
			children = (
				366240E229CAF90700DF4BB9 /* BZip2.framework */,
				366240E129CAF90700DF4BB9 /* OpenSSL.framework */,
				366240E029CAF90700DF4BB9 /* Python.framework */,
				366240DF29CAF90700DF4BB9 /* XZ.framework */,
			);
			path = Python;
			sourceTree = "<group>";
		};
		36E0A9CC29BD807A0025DB2F /* Resource */ = {
			isa = PBXGroup;
			children = (
				3693719F29C0369F00833591 /* YTCore.bundle */,
				36E0A9CD29BD809D0025DB2F /* env.zip */,
			);
			path = Resource;
			sourceTree = "<group>";
		};
		36E0A9CF29BD80B90025DB2F /* Module */ = {
			isa = PBXGroup;
			children = (
				36E066CA29CDD17900DB34CE /* Download */,
				36E0A9D329BD81450025DB2F /* Media */,
				36E0A9D029BD80D80025DB2F /* Parser */,
			);
			path = Module;
			sourceTree = "<group>";
		};
		36E0A9D029BD80D80025DB2F /* Parser */ = {
			isa = PBXGroup;
			children = (
				36E0AA3729BD85840025DB2F /* Panel */,
				366D41C129CEBBBB005A29B0 /* YTCoreUtility.h */,
				366D41C029CEBBBB005A29B0 /* YTCoreUtility.mm */,
				366D41BC29CEBBBB005A29B0 /* YTCoreUtility+download.h */,
				366D41C629CEBBBB005A29B0 /* YTCoreUtility+download.m */,
				366D41BD29CEBBBB005A29B0 /* YTCoreUtility+env.h */,
				366D41BF29CEBBBB005A29B0 /* YTCoreUtility+env.mm */,
				366D41BE29CEBBBB005A29B0 /* YTCoreUtility+invoke.h */,
				366D41C229CEBBBB005A29B0 /* YTCoreUtility+invoke.m */,
				366D41C329CEBBBB005A29B0 /* YTCoreUtility+parse.h */,
				366D41C429CEBBBB005A29B0 /* YTCoreUtility+parse.mm */,
				366D41BB29CEBBBB005A29B0 /* YTCoreUtility+update.h */,
				366D41C529CEBBBB005A29B0 /* YTCoreUtility+update.mm */,
			);
			path = Parser;
			sourceTree = "<group>";
		};
		36E0A9D329BD81450025DB2F /* Media */ = {
			isa = PBXGroup;
			children = (
				3693718529BF19ED00833591 /* parse.plist */,
				36E0AA2929BD83F70025DB2F /* YTVideo.h */,
				36E0AB9C29BDDE170025DB2F /* YTVideo.m */,
			);
			path = Media;
			sourceTree = "<group>";
		};
		36E0AA3729BD85840025DB2F /* Panel */ = {
			isa = PBXGroup;
			children = (
				36E0AA3829BD85950025DB2F /* YTPanel.h */,
				36E0AA3929BD85950025DB2F /* YTPanel.m */,
				3693718E29BF821E00833591 /* YTPanelHead.h */,
				3693718F29BF821E00833591 /* YTPanelHead.m */,
				3693719229BFFCC400833591 /* YTPanelCell.h */,
				3693719329BFFCC400833591 /* YTPanelCell.m */,
				3693719629BFFE8100833591 /* YTPanelTable.h */,
				3693719729BFFE8100833591 /* YTPanelTable.m */,
				3693719B29C016C400833591 /* YTCornerImageView.h */,
				3693719C29C016C400833591 /* YTCornerImageView.m */,
				3686AAFE29C072F300D57CAD /* UIButton+Block.h */,
				3686AAFF29C072F300D57CAD /* UIButton+Block.m */,
			);
			path = Panel;
			sourceTree = "<group>";
		};
		36E0AA3C29BD8CD00025DB2F /* Frameworks */ = {
			isa = PBXGroup;
			children = (
				3600F05429CFE1AB00B52F8C /* VideoToolbox.framework */,
				3600F04529CF16A000B52F8C /* AVFoundation.framework */,
				3600F04629CF16A000B52F8C /* AVKit.framework */,
				36E0AB8F29BD95240025DB2F /* libz.tbd */,
				36E0AB8E29BD950F0025DB2F /* libsqlite3.tbd */,
				36E0AA4729BD8D7F0025DB2F /* CFNetwork.framework */,
				36E0AA4529BD8D640025DB2F /* CoreFoundation.framework */,
				36E0AA4329BD8CFF0025DB2F /* libbz2.tbd */,
				36E0AA4129BD8CF60025DB2F /* libxml2.tbd */,
				36E0AA3F29BD8CEB0025DB2F /* libc++.tbd */,
				36E0AA3D29BD8CD00025DB2F /* Foundation.framework */,
			);
			name = Frameworks;
			sourceTree = "<group>";
		};
		36E0AAE429BD8E6D0025DB2F /* ZipArchive */ = {
			isa = PBXGroup;
			children = (
				3600F03029CEF47600B52F8C /* ZipArchive.xcodeproj */,
			);
			path = ZipArchive;
			sourceTree = "<group>";
		};
		36E0AB9329BDBD540025DB2F /* YTFileManager */ = {
			isa = PBXGroup;
			children = (
				36E0AB9629BDBF6B0025DB2F /* YTFileManager.h */,
				36E0AB9729BDBF6B0025DB2F /* YTFileManager.m */,
			);
			path = YTFileManager;
			sourceTree = "<group>";
		};
		36E0ABA429BDE7420025DB2F /* Example */ = {
			isa = PBXGroup;
			children = (
				3600F04A29CF548C00B52F8C /* Application */,
				3600F04C29CF549E00B52F8C /* Moudule */,
			);
			path = Example;
			sourceTree = "<group>";
		};
		36EC8C3E29D00BB70075B5E0 /* Main */ = {
			isa = PBXGroup;
			children = (
				3600F04B29CF549400B52F8C /* View */,
				36165A5E29D274C50041BFBB /* ViewModel */,
				36E0ABDC29BEA3620025DB2F /* MainController.h */,
				36E0ABDD29BEA3620025DB2F /* MainController.mm */,
				368E77FB29D0599A0031BBF1 /* NavController.h */,
				368E77FC29D0599A0031BBF1 /* NavController.m */,
			);
			path = Main;
			sourceTree = "<group>";
		};
		36EC8C3F29D00BE80075B5E0 /* Web */ = {
			isa = PBXGroup;
			children = (
				36EC8C3B29D0011F0075B5E0 /* WkWebBrowser.h */,
				36EC8C3C29D0011F0075B5E0 /* WkWebBrowser.m */,
			);
			path = Web;
			sourceTree = "<group>";
		};
		36EC8C4029D00BF10075B5E0 /* Video */ = {
			isa = PBXGroup;
			children = (
				36EC8C2C29CFEB8D0075B5E0 /* VideoOperation.h */,
				36EC8C2D29CFEB8D0075B5E0 /* VideoOperation.m */,
				36EC8C4129D01D030075B5E0 /* MP4FileController.h */,
				36EC8C4229D01D030075B5E0 /* MP4FileController.m */,
				36EC8C4829D01D9A0075B5E0 /* MP4FileController.xib */,
				36EC8C4B29D0201D0075B5E0 /* EmptyFiles.xib */,
			);
			path = Video;
			sourceTree = "<group>";
		};
/* End PBXGroup section */

/* Begin PBXHeadersBuildPhase section */
		3600F01429CEF03500B52F8C /* Headers */ = {
			isa = PBXHeadersBuildPhase;
			buildActionMask = 2147483647;
			files = (
				3600F04429CEF61B00B52F8C /* YTCore.h in Headers */,
				36165A4B29D15A380041BFBB /* YTCoreProtocol.h in Headers */,
				3600F01829CEF06500B52F8C /* YTReachability.h in Headers */,
				36165A4D29D15A380041BFBB /* YTStatusInfo.h in Headers */,
				3600F02B29CEF0DB00B52F8C /* YTCoreDef.h in Headers */,
				3600F02229CEF08900B52F8C /* YTCoreUtility+env.h in Headers */,
				3600F02529CEF09300B52F8C /* YTCoreUtility+update.h in Headers */,
				3600F02429CEF08F00B52F8C /* YTCoreUtility+parse.h in Headers */,
				3600F02329CEF08D00B52F8C /* YTCoreUtility+invoke.h in Headers */,
				3600F02129CEF08400B52F8C /* YTCoreUtility+download.h in Headers */,
				3600F02029CEF08100B52F8C /* YTCoreUtility.h in Headers */,
				3600F02E29CEF0E900B52F8C /* YTStatus.h in Headers */,
				3600F01E29CEF07C00B52F8C /* YTCornerImageView.h in Headers */,
				3600F01529CEF05B00B52F8C /* YTVideoMuxer.h in Headers */,
				3600F01A29CEF06B00B52F8C /* YTPanel.h in Headers */,
				3600F01629CEF06000B52F8C /* YTDownloader.h in Headers */,
				3600F01729CEF06200B52F8C /* YTFileManager.h in Headers */,
				3600F01929CEF06900B52F8C /* YTMediaDownloadView.h in Headers */,
				3600F01B29CEF07200B52F8C /* YTPanelHead.h in Headers */,
				3600F01C29CEF07600B52F8C /* YTPanelCell.h in Headers */,
				3600F01D29CEF07900B52F8C /* YTPanelTable.h in Headers */,
				3600F01F29CEF07F00B52F8C /* UIButton+Block.h in Headers */,
				3600F02829CEF09B00B52F8C /* NSObject+YYModel.h in Headers */,
				3600F02729CEF09900B52F8C /* YYModel.h in Headers */,
			);
			runOnlyForDeploymentPostprocessing = 0;
		};
/* End PBXHeadersBuildPhase section */

/* Begin PBXNativeTarget section */
		36E0A8C529BD7FBA0025DB2F /* YTCore */ = {
			isa = PBXNativeTarget;
			buildConfigurationList = 36E0A8CD29BD7FBA0025DB2F /* Build configuration list for PBXNativeTarget "YTCore" */;
			buildPhases = (
				3600F01429CEF03500B52F8C /* Headers */,
				36E0A8C229BD7FBA0025DB2F /* Sources */,
				36E0A8C329BD7FBA0025DB2F /* Frameworks */,
				36E0A8C429BD7FBA0025DB2F /* Resources */,
				36E0ABCA29BE0FCA0025DB2F /* Embed Frameworks */,
			);
			buildRules = (
			);
			dependencies = (
				3600F04029CEF48200B52F8C /* PBXTargetDependency */,
				36E066FA29CE88CF00DB34CE /* PBXTargetDependency */,
			);
			name = YTCore;
			productName = YTCore;
			productReference = 36E0A8C629BD7FBA0025DB2F /* YTCore.framework */;
			productType = "com.apple.product-type.framework";
		};
		36E0ABA229BDE7420025DB2F /* Example */ = {
			isa = PBXNativeTarget;
			buildConfigurationList = 36E0ABB929BDE7430025DB2F /* Build configuration list for PBXNativeTarget "Example" */;
			buildPhases = (
				36E0AB9F29BDE7420025DB2F /* Sources */,
				36E0ABA029BDE7420025DB2F /* Frameworks */,
				36E0ABA129BDE7420025DB2F /* Resources */,
				36E0ABC529BE0F370025DB2F /* Embed Frameworks */,
			);
			buildRules = (
			);
			dependencies = (
				36E0ABC129BE0F2A0025DB2F /* PBXTargetDependency */,
			);
			name = Example;
			productName = Example;
			productReference = 36E0ABA329BDE7420025DB2F /* Example.app */;
			productType = "com.apple.product-type.application";
		};
/* End PBXNativeTarget section */

/* Begin PBXProject section */
		36E0A8BD29BD7FBA0025DB2F /* Project object */ = {
			isa = PBXProject;
			attributes = {
				BuildIndependentTargetsInParallel = 1;
				LastUpgradeCheck = 1410;
				TargetAttributes = {
					36E0A8C529BD7FBA0025DB2F = {
						CreatedOnToolsVersion = 14.1;
						LastSwiftMigration = 1410;
					};
					36E0ABA229BDE7420025DB2F = {
						CreatedOnToolsVersion = 14.1;
					};
				};
			};
			buildConfigurationList = 36E0A8C029BD7FBA0025DB2F /* Build configuration list for PBXProject "YTCore" */;
			compatibilityVersion = "Xcode 14.0";
			developmentRegion = en;
			hasScannedForEncodings = 0;
			knownRegions = (
				en,
				Base,
			);
			mainGroup = 36E0A8BC29BD7FBA0025DB2F;
			productRefGroup = 36E0A8C729BD7FBA0025DB2F /* Products */;
			projectDirPath = "";
			projectReferences = (
				{
					ProductGroup = 36E066EE29CE887F00DB34CE /* Products */;
					ProjectRef = 36E066ED29CE887F00DB34CE /* DLMediaUtils.xcodeproj */;
				},
				{
					ProductGroup = 3600F03129CEF47600B52F8C /* Products */;
					ProjectRef = 3600F03029CEF47600B52F8C /* ZipArchive.xcodeproj */;
				},
			);
			projectRoot = "";
			targets = (
				36E0A8C529BD7FBA0025DB2F /* YTCore */,
				36E0ABA229BDE7420025DB2F /* Example */,
			);
		};
/* End PBXProject section */

/* Begin PBXReferenceProxy section */
		3600F03829CEF47600B52F8C /* ZipArchive.framework */ = {
			isa = PBXReferenceProxy;
			fileType = wrapper.framework;
			path = ZipArchive.framework;
			remoteRef = 3600F03729CEF47600B52F8C /* PBXContainerItemProxy */;
			sourceTree = BUILT_PRODUCTS_DIR;
		};
		3600F03A29CEF47600B52F8C /* ZipArchive.framework */ = {
			isa = PBXReferenceProxy;
			fileType = wrapper.framework;
			path = ZipArchive.framework;
			remoteRef = 3600F03929CEF47600B52F8C /* PBXContainerItemProxy */;
			sourceTree = BUILT_PRODUCTS_DIR;
		};
		3600F03C29CEF47600B52F8C /* ZipArchive.framework */ = {
			isa = PBXReferenceProxy;
			fileType = wrapper.framework;
			path = ZipArchive.framework;
			remoteRef = 3600F03B29CEF47600B52F8C /* PBXContainerItemProxy */;
			sourceTree = BUILT_PRODUCTS_DIR;
		};
		3600F03E29CEF47600B52F8C /* ZipArchive.framework */ = {
			isa = PBXReferenceProxy;
			fileType = wrapper.framework;
			path = ZipArchive.framework;
			remoteRef = 3600F03D29CEF47600B52F8C /* PBXContainerItemProxy */;
			sourceTree = BUILT_PRODUCTS_DIR;
		};
		36E066F229CE887F00DB34CE /* DLMediaUtils.framework */ = {
			isa = PBXReferenceProxy;
			fileType = wrapper.framework;
			path = DLMediaUtils.framework;
			remoteRef = 36E066F129CE887F00DB34CE /* PBXContainerItemProxy */;
			sourceTree = BUILT_PRODUCTS_DIR;
		};
/* End PBXReferenceProxy section */

/* Begin PBXResourcesBuildPhase section */
		36E0A8C429BD7FBA0025DB2F /* Resources */ = {
			isa = PBXResourcesBuildPhase;
			buildActionMask = 2147483647;
			files = (
				36E0A9CE29BD809D0025DB2F /* env.zip in Resources */,
				369371A029C0369F00833591 /* YTCore.bundle in Resources */,
			);
			runOnlyForDeploymentPostprocessing = 0;
		};
		36E0ABA129BDE7420025DB2F /* Resources */ = {
			isa = PBXResourcesBuildPhase;
			buildActionMask = 2147483647;
			files = (
				36E0ABB529BDE7430025DB2F /* LaunchScreen.storyboard in Resources */,
				36E0ABB229BDE7430025DB2F /* Assets.xcassets in Resources */,
				36E0ABB029BDE7420025DB2F /* Main.storyboard in Resources */,
				36EC8C4C29D0201D0075B5E0 /* EmptyFiles.xib in Resources */,
				36EC8C4A29D01D9B0075B5E0 /* MP4FileController.xib in Resources */,
			);
			runOnlyForDeploymentPostprocessing = 0;
		};
/* End PBXResourcesBuildPhase section */

/* Begin PBXSourcesBuildPhase section */
		36E0A8C229BD7FBA0025DB2F /* Sources */ = {
			isa = PBXSourcesBuildPhase;
			buildActionMask = 2147483647;
			files = (
				366D41CB29CEBBBB005A29B0 /* YTCoreUtility+env.mm in Sources */,
				3693719929BFFE8100833591 /* YTPanelTable.m in Sources */,
				3693718429BF029400833591 /* YTParseInfo.m in Sources */,
				36E0AB9929BDBF6B0025DB2F /* YTFileManager.m in Sources */,
				366D41D429CED720005A29B0 /* YTReachability.m in Sources */,
				366D41D029CEBBBB005A29B0 /* YTCoreUtility+parse.mm in Sources */,
				366D41D229CEBBBB005A29B0 /* YTCoreUtility+download.m in Sources */,
				36E0AA3B29BD85950025DB2F /* YTPanel.m in Sources */,
				3686AB0829C1A78000D57CAD /* YTMediaDownloadView.m in Sources */,
				3693719529BFFCC400833591 /* YTPanelCell.m in Sources */,
				366240EC29CB2DF800DF4BB9 /* YTDownloader.m in Sources */,
				366D41CE29CEBBBB005A29B0 /* YTCoreUtility+invoke.m in Sources */,
				3693718129BED95200833591 /* YYClassInfo.m in Sources */,
				36E0AB9E29BDDE170025DB2F /* YTVideo.m in Sources */,
				36165A4C29D15A380041BFBB /* YTStatusInfo.m in Sources */,
				3693718029BED95200833591 /* NSObject+YYModel.m in Sources */,
				366D41D129CEBBBB005A29B0 /* YTCoreUtility+update.mm in Sources */,
				3686AB0129C072F300D57CAD /* UIButton+Block.m in Sources */,
				3693719129BF821E00833591 /* YTPanelHead.m in Sources */,
				366D41CC29CEBBBB005A29B0 /* YTCoreUtility.mm in Sources */,
				36E0AA3629BD85780025DB2F /* YTVideoMuxer.m in Sources */,
				3693719E29C016C400833591 /* YTCornerImageView.m in Sources */,
			);
			runOnlyForDeploymentPostprocessing = 0;
		};
		36E0AB9F29BDE7420025DB2F /* Sources */ = {
			isa = PBXSourcesBuildPhase;
			buildActionMask = 2147483647;
			files = (
				36EC8C3D29D0011F0075B5E0 /* WkWebBrowser.m in Sources */,
				36E0ABA729BDE7420025DB2F /* AppDelegate.m in Sources */,
				36165A6329D2758E0041BFBB /* MainViewModel.mm in Sources */,
				36A576D829D2D258000164E5 /* NSString+Youtube.m in Sources */,
				36165A5A29D1E6190041BFBB /* ErrorTextField.m in Sources */,
				36EC8C4329D01D030075B5E0 /* MP4FileController.m in Sources */,
				368E780629D09BDF0031BBF1 /* UIViewController+Alert.m in Sources */,
				36E0ABB829BDE7430025DB2F /* main.m in Sources */,
				36EC8C2E29CFEB8D0075B5E0 /* VideoOperation.m in Sources */,
				364AC96329C9EFB400461AF8 /* UIButton+BackgroundColor.m in Sources */,
				36E0ABDE29BEA3620025DB2F /* MainController.mm in Sources */,
				368E77FD29D0599A0031BBF1 /* NavController.m in Sources */,
				36E0ABAA29BDE7420025DB2F /* SceneDelegate.m in Sources */,
				36E0ABD729BEA19E0025DB2F /* YTCLogView.m in Sources */,
			);
			runOnlyForDeploymentPostprocessing = 0;
		};
/* End PBXSourcesBuildPhase section */

/* Begin PBXTargetDependency section */
		3600F04029CEF48200B52F8C /* PBXTargetDependency */ = {
			isa = PBXTargetDependency;
			name = "ZipArchive-iOS";
			targetProxy = 3600F03F29CEF48200B52F8C /* PBXContainerItemProxy */;
		};
		36E066FA29CE88CF00DB34CE /* PBXTargetDependency */ = {
			isa = PBXTargetDependency;
			name = DLMediaUtils;
			targetProxy = 36E066F929CE88CF00DB34CE /* PBXContainerItemProxy */;
		};
		36E0ABC129BE0F2A0025DB2F /* PBXTargetDependency */ = {
			isa = PBXTargetDependency;
			target = 36E0A8C529BD7FBA0025DB2F /* YTCore */;
			targetProxy = 36E0ABC029BE0F2A0025DB2F /* PBXContainerItemProxy */;
		};
/* End PBXTargetDependency section */

/* Begin PBXVariantGroup section */
		36E0ABAE29BDE7420025DB2F /* Main.storyboard */ = {
			isa = PBXVariantGroup;
			children = (
				36E0ABAF29BDE7420025DB2F /* Base */,
			);
			name = Main.storyboard;
			sourceTree = "<group>";
		};
		36E0ABB329BDE7430025DB2F /* LaunchScreen.storyboard */ = {
			isa = PBXVariantGroup;
			children = (
				36E0ABB429BDE7430025DB2F /* Base */,
			);
			name = LaunchScreen.storyboard;
			sourceTree = "<group>";
		};
/* End PBXVariantGroup section */

/* Begin XCBuildConfiguration section */
		36E0A8CB29BD7FBA0025DB2F /* Debug */ = {
			isa = XCBuildConfiguration;
			buildSettings = {
				ALWAYS_SEARCH_USER_PATHS = NO;
				CLANG_ANALYZER_NONNULL = YES;
				CLANG_ANALYZER_NUMBER_OBJECT_CONVERSION = YES_AGGRESSIVE;
				CLANG_CXX_LANGUAGE_STANDARD = "gnu++20";
				CLANG_ENABLE_MODULES = YES;
				CLANG_ENABLE_OBJC_ARC = YES;
				CLANG_ENABLE_OBJC_WEAK = YES;
				CLANG_WARN_BLOCK_CAPTURE_AUTORELEASING = YES;
				CLANG_WARN_BOOL_CONVERSION = YES;
				CLANG_WARN_COMMA = YES;
				CLANG_WARN_CONSTANT_CONVERSION = YES;
				CLANG_WARN_DEPRECATED_OBJC_IMPLEMENTATIONS = YES;
				CLANG_WARN_DIRECT_OBJC_ISA_USAGE = YES_ERROR;
				CLANG_WARN_DOCUMENTATION_COMMENTS = YES;
				CLANG_WARN_EMPTY_BODY = YES;
				CLANG_WARN_ENUM_CONVERSION = YES;
				CLANG_WARN_INFINITE_RECURSION = YES;
				CLANG_WARN_INT_CONVERSION = YES;
				CLANG_WARN_NON_LITERAL_NULL_CONVERSION = YES;
				CLANG_WARN_OBJC_IMPLICIT_RETAIN_SELF = YES;
				CLANG_WARN_OBJC_LITERAL_CONVERSION = YES;
				CLANG_WARN_OBJC_ROOT_CLASS = YES_ERROR;
				CLANG_WARN_QUOTED_INCLUDE_IN_FRAMEWORK_HEADER = YES;
				CLANG_WARN_RANGE_LOOP_ANALYSIS = YES;
				CLANG_WARN_STRICT_PROTOTYPES = YES;
				CLANG_WARN_SUSPICIOUS_MOVE = YES;
				CLANG_WARN_UNGUARDED_AVAILABILITY = YES_AGGRESSIVE;
				CLANG_WARN_UNREACHABLE_CODE = YES;
				CLANG_WARN__DUPLICATE_METHOD_MATCH = YES;
				COPY_PHASE_STRIP = NO;
				CURRENT_PROJECT_VERSION = 1;
				DEBUG_INFORMATION_FORMAT = dwarf;
				ENABLE_STRICT_OBJC_MSGSEND = YES;
				ENABLE_TESTABILITY = YES;
				GCC_C_LANGUAGE_STANDARD = gnu11;
				GCC_DYNAMIC_NO_PIC = NO;
				GCC_NO_COMMON_BLOCKS = YES;
				GCC_OPTIMIZATION_LEVEL = 0;
				GCC_PREPROCESSOR_DEFINITIONS = (
					"DEBUG=1",
					"$(inherited)",
				);
				GCC_WARN_64_TO_32_BIT_CONVERSION = YES;
				GCC_WARN_ABOUT_RETURN_TYPE = YES_ERROR;
				GCC_WARN_UNDECLARED_SELECTOR = YES;
				GCC_WARN_UNINITIALIZED_AUTOS = YES_AGGRESSIVE;
				GCC_WARN_UNUSED_FUNCTION = YES;
				GCC_WARN_UNUSED_VARIABLE = YES;
				IPHONEOS_DEPLOYMENT_TARGET = 16.1;
				MTL_ENABLE_DEBUG_INFO = INCLUDE_SOURCE;
				MTL_FAST_MATH = YES;
				ONLY_ACTIVE_ARCH = YES;
				SDKROOT = iphoneos;
				VERSIONING_SYSTEM = "apple-generic";
				VERSION_INFO_PREFIX = "";
			};
			name = Debug;
		};
		36E0A8CC29BD7FBA0025DB2F /* Release */ = {
			isa = XCBuildConfiguration;
			buildSettings = {
				ALWAYS_SEARCH_USER_PATHS = NO;
				CLANG_ANALYZER_NONNULL = YES;
				CLANG_ANALYZER_NUMBER_OBJECT_CONVERSION = YES_AGGRESSIVE;
				CLANG_CXX_LANGUAGE_STANDARD = "gnu++20";
				CLANG_ENABLE_MODULES = YES;
				CLANG_ENABLE_OBJC_ARC = YES;
				CLANG_ENABLE_OBJC_WEAK = YES;
				CLANG_WARN_BLOCK_CAPTURE_AUTORELEASING = YES;
				CLANG_WARN_BOOL_CONVERSION = YES;
				CLANG_WARN_COMMA = YES;
				CLANG_WARN_CONSTANT_CONVERSION = YES;
				CLANG_WARN_DEPRECATED_OBJC_IMPLEMENTATIONS = YES;
				CLANG_WARN_DIRECT_OBJC_ISA_USAGE = YES_ERROR;
				CLANG_WARN_DOCUMENTATION_COMMENTS = YES;
				CLANG_WARN_EMPTY_BODY = YES;
				CLANG_WARN_ENUM_CONVERSION = YES;
				CLANG_WARN_INFINITE_RECURSION = YES;
				CLANG_WARN_INT_CONVERSION = YES;
				CLANG_WARN_NON_LITERAL_NULL_CONVERSION = YES;
				CLANG_WARN_OBJC_IMPLICIT_RETAIN_SELF = YES;
				CLANG_WARN_OBJC_LITERAL_CONVERSION = YES;
				CLANG_WARN_OBJC_ROOT_CLASS = YES_ERROR;
				CLANG_WARN_QUOTED_INCLUDE_IN_FRAMEWORK_HEADER = YES;
				CLANG_WARN_RANGE_LOOP_ANALYSIS = YES;
				CLANG_WARN_STRICT_PROTOTYPES = YES;
				CLANG_WARN_SUSPICIOUS_MOVE = YES;
				CLANG_WARN_UNGUARDED_AVAILABILITY = YES_AGGRESSIVE;
				CLANG_WARN_UNREACHABLE_CODE = YES;
				CLANG_WARN__DUPLICATE_METHOD_MATCH = YES;
				COPY_PHASE_STRIP = NO;
				CURRENT_PROJECT_VERSION = 1;
				DEBUG_INFORMATION_FORMAT = "dwarf-with-dsym";
				ENABLE_NS_ASSERTIONS = NO;
				ENABLE_STRICT_OBJC_MSGSEND = YES;
				GCC_C_LANGUAGE_STANDARD = gnu11;
				GCC_NO_COMMON_BLOCKS = YES;
				GCC_WARN_64_TO_32_BIT_CONVERSION = YES;
				GCC_WARN_ABOUT_RETURN_TYPE = YES_ERROR;
				GCC_WARN_UNDECLARED_SELECTOR = YES;
				GCC_WARN_UNINITIALIZED_AUTOS = YES_AGGRESSIVE;
				GCC_WARN_UNUSED_FUNCTION = YES;
				GCC_WARN_UNUSED_VARIABLE = YES;
				IPHONEOS_DEPLOYMENT_TARGET = 16.1;
				MTL_ENABLE_DEBUG_INFO = NO;
				MTL_FAST_MATH = YES;
				SDKROOT = iphoneos;
				VALIDATE_PRODUCT = YES;
				VERSIONING_SYSTEM = "apple-generic";
				VERSION_INFO_PREFIX = "";
			};
			name = Release;
		};
		36E0A8CE29BD7FBA0025DB2F /* Debug */ = {
			isa = XCBuildConfiguration;
			buildSettings = {
				CLANG_ENABLE_MODULES = YES;
				CODE_SIGN_STYLE = Automatic;
				CURRENT_PROJECT_VERSION = 1;
				DEFINES_MODULE = YES;
				DEVELOPMENT_TEAM = F9E6VPNRYT;
				DYLIB_COMPATIBILITY_VERSION = 1;
				DYLIB_CURRENT_VERSION = 1;
				DYLIB_INSTALL_NAME_BASE = "@rpath";
				FRAMEWORK_SEARCH_PATHS = (
					"$(inherited)",
					"$(PROJECT_DIR)/YTCore/Library",
					"$(PROJECT_DIR)/YTCore/Library/Python",
					"\"$(SRCROOT)/YTCore/Library/ZipArchive\"",
					"$(PROJECT_DIR)/YTCore/Library/ZipArchive",
					"$(PROJECT_DIR)/YTCore/Library/Downloader",
				);
				GENERATE_INFOPLIST_FILE = YES;
				HEADER_SEARCH_PATHS = (
					"\"$(SRCROOT)/YTCore/Library/XZ/Headers\"",
					"\"$(SRCROOT)/YTCore/Library/Python/Python/Headers\"",
					"\"$(SRCROOT)/YTCore/Library/OpenSSL/Headers\"",
					"\"$(SRCROOT)/YTCore/Library/BZip2/Headers\"",
				);
				INFOPLIST_KEY_NSHumanReadableCopyright = "";
				INFOPLIST_KEY_NSPhotoLibraryAddUsageDescription = "YTCore需要保存下载的视频";
				INFOPLIST_KEY_NSPhotoLibraryUsageDescription = "我们需要访问您的照片库以保存照片和视频";
				INSTALL_PATH = "$(LOCAL_LIBRARY_DIR)/Frameworks";
				IPHONEOS_DEPLOYMENT_TARGET = 11.0;
				LD_RUNPATH_SEARCH_PATHS = (
					"$(inherited)",
					"@executable_path/Frameworks",
					"@loader_path/Frameworks",
				);
				LIBRARY_SEARCH_PATHS = (
					"$(inherited)",
					"$(PROJECT_DIR)/YTCore/Libs/XZ",
					"$(PROJECT_DIR)/YTCore/Libs/Python",
					"$(PROJECT_DIR)/YTCore/Library/OpenSSL",
					"$(PROJECT_DIR)/YTCore/Library/BZip2",
					"$(PROJECT_DIR)/YTCore/Library/Python/OpenSSL",
					"$(PROJECT_DIR)/YTCore/Library/Python/BZip2",
					"$(PROJECT_DIR)/YTCore/Library/Python/Python",
					"$(PROJECT_DIR)/YTCore/Library/Python/XZ",
					"$(PROJECT_DIR)/YTCore/Library/Python/libFFI",
				);
				MARKETING_VERSION = 1.0;
				PRODUCT_BUNDLE_IDENTIFIER = com.kaoji.YTCore;
				PRODUCT_NAME = "$(TARGET_NAME:c99extidentifier)";
				SKIP_INSTALL = YES;
				SUPPORTED_PLATFORMS = "iphoneos iphonesimulator";
				SUPPORTS_MACCATALYST = NO;
				SUPPORTS_MAC_DESIGNED_FOR_IPHONE_IPAD = NO;
				SWIFT_EMIT_LOC_STRINGS = YES;
				SWIFT_OPTIMIZATION_LEVEL = "-Onone";
				SWIFT_VERSION = 5.0;
				TARGETED_DEVICE_FAMILY = "1,2";
			};
			name = Debug;
		};
		36E0A8CF29BD7FBA0025DB2F /* Release */ = {
			isa = XCBuildConfiguration;
			buildSettings = {
				CLANG_ENABLE_MODULES = YES;
				CODE_SIGN_STYLE = Automatic;
				CURRENT_PROJECT_VERSION = 1;
				DEFINES_MODULE = YES;
				DEVELOPMENT_TEAM = F9E6VPNRYT;
				DYLIB_COMPATIBILITY_VERSION = 1;
				DYLIB_CURRENT_VERSION = 1;
				DYLIB_INSTALL_NAME_BASE = "@rpath";
				FRAMEWORK_SEARCH_PATHS = (
					"$(inherited)",
					"$(PROJECT_DIR)/YTCore/Library",
					"$(PROJECT_DIR)/YTCore/Library/Python",
					"\"$(SRCROOT)/YTCore/Library/ZipArchive\"",
					"$(PROJECT_DIR)/YTCore/Library/ZipArchive",
					"$(PROJECT_DIR)/YTCore/Library/Downloader",
				);
				GENERATE_INFOPLIST_FILE = YES;
				HEADER_SEARCH_PATHS = (
					"\"$(SRCROOT)/YTCore/Library/XZ/Headers\"",
					"\"$(SRCROOT)/YTCore/Library/Python/Python/Headers\"",
					"\"$(SRCROOT)/YTCore/Library/OpenSSL/Headers\"",
					"\"$(SRCROOT)/YTCore/Library/BZip2/Headers\"",
				);
				INFOPLIST_KEY_NSHumanReadableCopyright = "";
				INFOPLIST_KEY_NSPhotoLibraryAddUsageDescription = "YTCore需要保存下载的视频";
				INFOPLIST_KEY_NSPhotoLibraryUsageDescription = "我们需要访问您的照片库以保存照片和视频";
				INSTALL_PATH = "$(LOCAL_LIBRARY_DIR)/Frameworks";
				IPHONEOS_DEPLOYMENT_TARGET = 11.0;
				LD_RUNPATH_SEARCH_PATHS = (
					"$(inherited)",
					"@executable_path/Frameworks",
					"@loader_path/Frameworks",
				);
				LIBRARY_SEARCH_PATHS = (
					"$(inherited)",
					"$(PROJECT_DIR)/YTCore/Libs/XZ",
					"$(PROJECT_DIR)/YTCore/Libs/Python",
					"$(PROJECT_DIR)/YTCore/Library/OpenSSL",
					"$(PROJECT_DIR)/YTCore/Library/BZip2",
					"$(PROJECT_DIR)/YTCore/Library/Python/OpenSSL",
					"$(PROJECT_DIR)/YTCore/Library/Python/BZip2",
					"$(PROJECT_DIR)/YTCore/Library/Python/Python",
					"$(PROJECT_DIR)/YTCore/Library/Python/XZ",
					"$(PROJECT_DIR)/YTCore/Library/Python/libFFI",
				);
				MARKETING_VERSION = 1.0;
				PRODUCT_BUNDLE_IDENTIFIER = com.kaoji.YTCore;
				PRODUCT_NAME = "$(TARGET_NAME:c99extidentifier)";
				SKIP_INSTALL = YES;
				SUPPORTED_PLATFORMS = "iphoneos iphonesimulator";
				SUPPORTS_MACCATALYST = NO;
				SUPPORTS_MAC_DESIGNED_FOR_IPHONE_IPAD = NO;
				SWIFT_EMIT_LOC_STRINGS = YES;
				SWIFT_VERSION = 5.0;
				TARGETED_DEVICE_FAMILY = "1,2";
			};
			name = Release;
		};
		36E0ABBA29BDE7430025DB2F /* Debug */ = {
			isa = XCBuildConfiguration;
			buildSettings = {
				ASSETCATALOG_COMPILER_APPICON_NAME = AppIcon;
				ASSETCATALOG_COMPILER_GLOBAL_ACCENT_COLOR_NAME = AccentColor;
				CODE_SIGN_STYLE = Automatic;
				CURRENT_PROJECT_VERSION = 1;
				DEVELOPMENT_TEAM = F9E6VPNRYT;
				GENERATE_INFOPLIST_FILE = YES;
				INFOPLIST_FILE = Example/Application/Info.plist;
				INFOPLIST_KEY_NSPhotoLibraryAddUsageDescription = "TYCore需要保存视频至相册";
				INFOPLIST_KEY_NSPhotoLibraryUsageDescription = "我们需要访问您的照片库以保存照片和视频";
				INFOPLIST_KEY_UIApplicationSupportsIndirectInputEvents = YES;
				INFOPLIST_KEY_UILaunchStoryboardName = LaunchScreen;
				INFOPLIST_KEY_UIMainStoryboardFile = Main;
				INFOPLIST_KEY_UISupportedInterfaceOrientations_iPad = "UIInterfaceOrientationPortrait UIInterfaceOrientationPortraitUpsideDown UIInterfaceOrientationLandscapeLeft UIInterfaceOrientationLandscapeRight";
				INFOPLIST_KEY_UISupportedInterfaceOrientations_iPhone = "UIInterfaceOrientationPortrait UIInterfaceOrientationLandscapeLeft UIInterfaceOrientationLandscapeRight";
				LD_RUNPATH_SEARCH_PATHS = (
					"$(inherited)",
					"@executable_path/Frameworks",
				);
				MARKETING_VERSION = 1.0;
				PRODUCT_BUNDLE_IDENTIFIER = com.kaoji.Example;
				PRODUCT_NAME = "$(TARGET_NAME)";
				SWIFT_EMIT_LOC_STRINGS = YES;
				TARGETED_DEVICE_FAMILY = "1,2";
			};
			name = Debug;
		};
		36E0ABBB29BDE7430025DB2F /* Release */ = {
			isa = XCBuildConfiguration;
			buildSettings = {
				ASSETCATALOG_COMPILER_APPICON_NAME = AppIcon;
				ASSETCATALOG_COMPILER_GLOBAL_ACCENT_COLOR_NAME = AccentColor;
				CODE_SIGN_STYLE = Automatic;
				CURRENT_PROJECT_VERSION = 1;
				DEVELOPMENT_TEAM = F9E6VPNRYT;
				GENERATE_INFOPLIST_FILE = YES;
				INFOPLIST_FILE = Example/Application/Info.plist;
				INFOPLIST_KEY_NSPhotoLibraryAddUsageDescription = "TYCore需要保存视频至相册";
				INFOPLIST_KEY_NSPhotoLibraryUsageDescription = "我们需要访问您的照片库以保存照片和视频";
				INFOPLIST_KEY_UIApplicationSupportsIndirectInputEvents = YES;
				INFOPLIST_KEY_UILaunchStoryboardName = LaunchScreen;
				INFOPLIST_KEY_UIMainStoryboardFile = Main;
				INFOPLIST_KEY_UISupportedInterfaceOrientations_iPad = "UIInterfaceOrientationPortrait UIInterfaceOrientationPortraitUpsideDown UIInterfaceOrientationLandscapeLeft UIInterfaceOrientationLandscapeRight";
				INFOPLIST_KEY_UISupportedInterfaceOrientations_iPhone = "UIInterfaceOrientationPortrait UIInterfaceOrientationLandscapeLeft UIInterfaceOrientationLandscapeRight";
				LD_RUNPATH_SEARCH_PATHS = (
					"$(inherited)",
					"@executable_path/Frameworks",
				);
				MARKETING_VERSION = 1.0;
				PRODUCT_BUNDLE_IDENTIFIER = com.kaoji.Example;
				PRODUCT_NAME = "$(TARGET_NAME)";
				SWIFT_EMIT_LOC_STRINGS = YES;
				TARGETED_DEVICE_FAMILY = "1,2";
			};
			name = Release;
		};
/* End XCBuildConfiguration section */

/* Begin XCConfigurationList section */
		36E0A8C029BD7FBA0025DB2F /* Build configuration list for PBXProject "YTCore" */ = {
			isa = XCConfigurationList;
			buildConfigurations = (
				36E0A8CB29BD7FBA0025DB2F /* Debug */,
				36E0A8CC29BD7FBA0025DB2F /* Release */,
			);
			defaultConfigurationIsVisible = 0;
			defaultConfigurationName = Release;
		};
		36E0A8CD29BD7FBA0025DB2F /* Build configuration list for PBXNativeTarget "YTCore" */ = {
			isa = XCConfigurationList;
			buildConfigurations = (
				36E0A8CE29BD7FBA0025DB2F /* Debug */,
				36E0A8CF29BD7FBA0025DB2F /* Release */,
			);
			defaultConfigurationIsVisible = 0;
			defaultConfigurationName = Release;
		};
		36E0ABB929BDE7430025DB2F /* Build configuration list for PBXNativeTarget "Example" */ = {
			isa = XCConfigurationList;
			buildConfigurations = (
				36E0ABBA29BDE7430025DB2F /* Debug */,
				36E0ABBB29BDE7430025DB2F /* Release */,
			);
			defaultConfigurationIsVisible = 0;
			defaultConfigurationName = Release;
		};
/* End XCConfigurationList section */
	};
	rootObject = 36E0A8BD29BD7FBA0025DB2F /* Project object */;
}
